// !$*UTF8*$!
{
	archiveVersion = 1;
	classes = {
	};
	objectVersion = 46;
	objects = {

/* Begin PBXBuildFile section */
		3C501E121E5A87C8000E2148 /* MyReservationsTableViewCell.swift in Sources */ = {isa = PBXBuildFile; fileRef = 3C501E111E5A87C8000E2148 /* MyReservationsTableViewCell.swift */; };
		3C501E171E5AA289000E2148 /* Reservations+CoreDataClass.swift in Sources */ = {isa = PBXBuildFile; fileRef = 3C501E151E5AA289000E2148 /* Reservations+CoreDataClass.swift */; };
		3C501E181E5AA289000E2148 /* Reservations+CoreDataProperties.swift in Sources */ = {isa = PBXBuildFile; fileRef = 3C501E161E5AA289000E2148 /* Reservations+CoreDataProperties.swift */; };
		3CD971731E568EFA000138D8 /* AppDelegate.swift in Sources */ = {isa = PBXBuildFile; fileRef = 3CD971721E568EFA000138D8 /* AppDelegate.swift */; };
		3CD971751E568EFA000138D8 /* MyReservationsViewController.swift in Sources */ = {isa = PBXBuildFile; fileRef = 3CD971741E568EFA000138D8 /* MyReservationsViewController.swift */; };
		3CD971781E568EFA000138D8 /* Main.storyboard in Resources */ = {isa = PBXBuildFile; fileRef = 3CD971761E568EFA000138D8 /* Main.storyboard */; };
		3CD9717A1E568EFA000138D8 /* Assets.xcassets in Resources */ = {isa = PBXBuildFile; fileRef = 3CD971791E568EFA000138D8 /* Assets.xcassets */; };
		3CD9717D1E568EFB000138D8 /* LaunchScreen.storyboard in Resources */ = {isa = PBXBuildFile; fileRef = 3CD9717B1E568EFB000138D8 /* LaunchScreen.storyboard */; };
		3CFB9D401E57C4F500BA2EC6 /* ScheduleViewController.swift in Sources */ = {isa = PBXBuildFile; fileRef = 3CFB9D3F1E57C4F500BA2EC6 /* ScheduleViewController.swift */; };
		3CFB9D451E57D09700BA2EC6 /* CustomView.swift in Sources */ = {isa = PBXBuildFile; fileRef = 3CFB9D441E57D09700BA2EC6 /* CustomView.swift */; };
		3CFB9D491E58CC4100BA2EC6 /* CalenderDatesCollectionViewCell.swift in Sources */ = {isa = PBXBuildFile; fileRef = 3CFB9D481E58CC4100BA2EC6 /* CalenderDatesCollectionViewCell.swift */; };
		3CFB9D4C1E58E01100BA2EC6 /* CalenderDates.swift in Sources */ = {isa = PBXBuildFile; fileRef = 3CFB9D4B1E58E01100BA2EC6 /* CalenderDates.swift */; };
		3CFB9D501E5945AC00BA2EC6 /* AvailableTimesCollectionViewCell.swift in Sources */ = {isa = PBXBuildFile; fileRef = 3CFB9D4F1E5945AC00BA2EC6 /* AvailableTimesCollectionViewCell.swift */; };
		3CFB9D581E5A0FB700BA2EC6 /* Utility.swift in Sources */ = {isa = PBXBuildFile; fileRef = 3CFB9D571E5A0FB700BA2EC6 /* Utility.swift */; };
		3CFB9D5A1E5A339C00BA2EC6 /* SpaServiceViewController.swift in Sources */ = {isa = PBXBuildFile; fileRef = 3CFB9D591E5A339C00BA2EC6 /* SpaServiceViewController.swift */; };
		3CFB9D5C1E5A33BD00BA2EC6 /* PromoContentViewController.swift in Sources */ = {isa = PBXBuildFile; fileRef = 3CFB9D5B1E5A33BD00BA2EC6 /* PromoContentViewController.swift */; };
		3CFB9D7F1E5A58F500BA2EC6 /* CoreDataStack.swift in Sources */ = {isa = PBXBuildFile; fileRef = 3CFB9D7E1E5A58F500BA2EC6 /* CoreDataStack.swift */; };
		3CFB9D8A1E5A5CB000BA2EC6 /* Reservation.xcdatamodeld in Sources */ = {isa = PBXBuildFile; fileRef = 3CFB9D881E5A5CB000BA2EC6 /* Reservation.xcdatamodeld */; };
/* End PBXBuildFile section */

/* Begin PBXFileReference section */
		3C501E111E5A87C8000E2148 /* MyReservationsTableViewCell.swift */ = {isa = PBXFileReference; fileEncoding = 4; lastKnownFileType = sourcecode.swift; path = MyReservationsTableViewCell.swift; sourceTree = "<group>"; };
		3C501E151E5AA289000E2148 /* Reservations+CoreDataClass.swift */ = {isa = PBXFileReference; fileEncoding = 4; lastKnownFileType = sourcecode.swift; path = "Reservations+CoreDataClass.swift"; sourceTree = SOURCE_ROOT; };
		3C501E161E5AA289000E2148 /* Reservations+CoreDataProperties.swift */ = {isa = PBXFileReference; fileEncoding = 4; lastKnownFileType = sourcecode.swift; path = "Reservations+CoreDataProperties.swift"; sourceTree = SOURCE_ROOT; };
		3CD9716F1E568EFA000138D8 /* Reservation.app */ = {isa = PBXFileReference; explicitFileType = wrapper.application; includeInIndex = 0; path = Reservation.app; sourceTree = BUILT_PRODUCTS_DIR; };
		3CD971721E568EFA000138D8 /* AppDelegate.swift */ = {isa = PBXFileReference; lastKnownFileType = sourcecode.swift; path = AppDelegate.swift; sourceTree = "<group>"; };
		3CD971741E568EFA000138D8 /* MyReservationsViewController.swift */ = {isa = PBXFileReference; lastKnownFileType = sourcecode.swift; path = MyReservationsViewController.swift; sourceTree = "<group>"; };
		3CD971771E568EFA000138D8 /* Base */ = {isa = PBXFileReference; lastKnownFileType = file.storyboard; name = Base; path = Base.lproj/Main.storyboard; sourceTree = "<group>"; };
		3CD971791E568EFA000138D8 /* Assets.xcassets */ = {isa = PBXFileReference; lastKnownFileType = folder.assetcatalog; path = Assets.xcassets; sourceTree = "<group>"; };
		3CD9717C1E568EFB000138D8 /* Base */ = {isa = PBXFileReference; lastKnownFileType = file.storyboard; name = Base; path = Base.lproj/LaunchScreen.storyboard; sourceTree = "<group>"; };
		3CD9717E1E568EFB000138D8 /* Info.plist */ = {isa = PBXFileReference; lastKnownFileType = text.plist.xml; path = Info.plist; sourceTree = "<group>"; };
		3CFB9D3F1E57C4F500BA2EC6 /* ScheduleViewController.swift */ = {isa = PBXFileReference; fileEncoding = 4; lastKnownFileType = sourcecode.swift; path = ScheduleViewController.swift; sourceTree = "<group>"; };
		3CFB9D441E57D09700BA2EC6 /* CustomView.swift */ = {isa = PBXFileReference; fileEncoding = 4; lastKnownFileType = sourcecode.swift; path = CustomView.swift; sourceTree = "<group>"; };
		3CFB9D481E58CC4100BA2EC6 /* CalenderDatesCollectionViewCell.swift */ = {isa = PBXFileReference; fileEncoding = 4; lastKnownFileType = sourcecode.swift; path = CalenderDatesCollectionViewCell.swift; sourceTree = "<group>"; };
		3CFB9D4B1E58E01100BA2EC6 /* CalenderDates.swift */ = {isa = PBXFileReference; fileEncoding = 4; lastKnownFileType = sourcecode.swift; path = CalenderDates.swift; sourceTree = "<group>"; };
		3CFB9D4F1E5945AC00BA2EC6 /* AvailableTimesCollectionViewCell.swift */ = {isa = PBXFileReference; fileEncoding = 4; lastKnownFileType = sourcecode.swift; path = AvailableTimesCollectionViewCell.swift; sourceTree = "<group>"; };
		3CFB9D571E5A0FB700BA2EC6 /* Utility.swift */ = {isa = PBXFileReference; fileEncoding = 4; lastKnownFileType = sourcecode.swift; path = Utility.swift; sourceTree = "<group>"; };
		3CFB9D591E5A339C00BA2EC6 /* SpaServiceViewController.swift */ = {isa = PBXFileReference; fileEncoding = 4; lastKnownFileType = sourcecode.swift; path = SpaServiceViewController.swift; sourceTree = "<group>"; };
		3CFB9D5B1E5A33BD00BA2EC6 /* PromoContentViewController.swift */ = {isa = PBXFileReference; fileEncoding = 4; lastKnownFileType = sourcecode.swift; path = PromoContentViewController.swift; sourceTree = "<group>"; };
		3CFB9D7E1E5A58F500BA2EC6 /* CoreDataStack.swift */ = {isa = PBXFileReference; fileEncoding = 4; lastKnownFileType = sourcecode.swift; path = CoreDataStack.swift; sourceTree = "<group>"; };
		3CFB9D891E5A5CB000BA2EC6 /* Reservation.xcdatamodel */ = {isa = PBXFileReference; lastKnownFileType = wrapper.xcdatamodel; path = Reservation.xcdatamodel; sourceTree = "<group>"; };
/* End PBXFileReference section */

/* Begin PBXFrameworksBuildPhase section */
		3CD9716C1E568EF9000138D8 /* Frameworks */ = {
			isa = PBXFrameworksBuildPhase;
			buildActionMask = 2147483647;
			files = (
			);
			runOnlyForDeploymentPostprocessing = 0;
		};
/* End PBXFrameworksBuildPhase section */

/* Begin PBXGroup section */
		3CD971661E568EF9000138D8 = {
			isa = PBXGroup;
			children = (
				3CD971711E568EFA000138D8 /* Reservation */,
				3CD971701E568EFA000138D8 /* Products */,
			);
			sourceTree = "<group>";
		};
		3CD971701E568EFA000138D8 /* Products */ = {
			isa = PBXGroup;
			children = (
				3CD9716F1E568EFA000138D8 /* Reservation.app */,
			);
			name = Products;
			sourceTree = "<group>";
		};
		3CD971711E568EFA000138D8 /* Reservation */ = {
			isa = PBXGroup;
			children = (
				3CFB9D871E5A5BE400BA2EC6 /* Core Data */,
				3CFB9D4A1E58DF7600BA2EC6 /* Model */,
				3CFB9D431E57D04E00BA2EC6 /* Custom Controls */,
				3CFB9D421E57C6B700BA2EC6 /* Views */,
				3CFB9D411E57C68700BA2EC6 /* AppDelegate */,
				3CD971841E56B51B000138D8 /* ViewControllers */,
				3CD971761E568EFA000138D8 /* Main.storyboard */,
				3CD9717B1E568EFB000138D8 /* LaunchScreen.storyboard */,
				3CD971791E568EFA000138D8 /* Assets.xcassets */,
				3CD9717E1E568EFB000138D8 /* Info.plist */,
			);
			path = Reservation;
			sourceTree = "<group>";
		};
		3CD971841E56B51B000138D8 /* ViewControllers */ = {
			isa = PBXGroup;
			children = (
				3CD971741E568EFA000138D8 /* MyReservationsViewController.swift */,
				3CFB9D3F1E57C4F500BA2EC6 /* ScheduleViewController.swift */,
				3CFB9D591E5A339C00BA2EC6 /* SpaServiceViewController.swift */,
				3CFB9D5B1E5A33BD00BA2EC6 /* PromoContentViewController.swift */,
			);
			name = ViewControllers;
			sourceTree = "<group>";
		};
		3CFB9D411E57C68700BA2EC6 /* AppDelegate */ = {
			isa = PBXGroup;
			children = (
				3CD971721E568EFA000138D8 /* AppDelegate.swift */,
			);
			name = AppDelegate;
			sourceTree = "<group>";
		};
		3CFB9D421E57C6B700BA2EC6 /* Views */ = {
			isa = PBXGroup;
			children = (
				3CFB9D481E58CC4100BA2EC6 /* CalenderDatesCollectionViewCell.swift */,
				3CFB9D4F1E5945AC00BA2EC6 /* AvailableTimesCollectionViewCell.swift */,
				3C501E111E5A87C8000E2148 /* MyReservationsTableViewCell.swift */,
			);
			name = Views;
			sourceTree = "<group>";
		};
		3CFB9D431E57D04E00BA2EC6 /* Custom Controls */ = {
			isa = PBXGroup;
			children = (
				3CFB9D441E57D09700BA2EC6 /* CustomView.swift */,
			);
			name = "Custom Controls";
			sourceTree = "<group>";
		};
		3CFB9D4A1E58DF7600BA2EC6 /* Model */ = {
			isa = PBXGroup;
			children = (
				3CFB9D4B1E58E01100BA2EC6 /* CalenderDates.swift */,
				3CFB9D571E5A0FB700BA2EC6 /* Utility.swift */,
			);
			name = Model;
			sourceTree = "<group>";
		};
		3CFB9D871E5A5BE400BA2EC6 /* Core Data */ = {
			isa = PBXGroup;
			children = (
				3CFB9D7E1E5A58F500BA2EC6 /* CoreDataStack.swift */,
				3C501E151E5AA289000E2148 /* Reservations+CoreDataClass.swift */,
				3C501E161E5AA289000E2148 /* Reservations+CoreDataProperties.swift */,
				3CFB9D881E5A5CB000BA2EC6 /* Reservation.xcdatamodeld */,
			);
			name = "Core Data";
			sourceTree = "<group>";
		};
/* End PBXGroup section */

/* Begin PBXNativeTarget section */
		3CD9716E1E568EF9000138D8 /* Reservation */ = {
			isa = PBXNativeTarget;
			buildConfigurationList = 3CD971811E568EFB000138D8 /* Build configuration list for PBXNativeTarget "Reservation" */;
			buildPhases = (
				3CD9716B1E568EF9000138D8 /* Sources */,
				3CD9716C1E568EF9000138D8 /* Frameworks */,
				3CD9716D1E568EF9000138D8 /* Resources */,
			);
			buildRules = (
			);
			dependencies = (
			);
			name = Reservation;
			productName = Reservation;
			productReference = 3CD9716F1E568EFA000138D8 /* Reservation.app */;
			productType = "com.apple.product-type.application";
		};
/* End PBXNativeTarget section */

/* Begin PBXProject section */
		3CD971671E568EF9000138D8 /* Project object */ = {
			isa = PBXProject;
			attributes = {
				LastSwiftUpdateCheck = 0820;
				LastUpgradeCheck = 0820;
				ORGANIZATIONNAME = "Amol Gaikwad";
				TargetAttributes = {
					3CD9716E1E568EF9000138D8 = {
						CreatedOnToolsVersion = 8.2.1;
						ProvisioningStyle = Automatic;
					};
				};
			};
			buildConfigurationList = 3CD9716A1E568EF9000138D8 /* Build configuration list for PBXProject "Reservation" */;
			compatibilityVersion = "Xcode 3.2";
			developmentRegion = English;
			hasScannedForEncodings = 0;
			knownRegions = (
				en,
				Base,
			);
			mainGroup = 3CD971661E568EF9000138D8;
			productRefGroup = 3CD971701E568EFA000138D8 /* Products */;
			projectDirPath = "";
			projectRoot = "";
			targets = (
				3CD9716E1E568EF9000138D8 /* Reservation */,
			);
		};
/* End PBXProject section */

/* Begin PBXResourcesBuildPhase section */
		3CD9716D1E568EF9000138D8 /* Resources */ = {
			isa = PBXResourcesBuildPhase;
			buildActionMask = 2147483647;
			files = (
				3CD9717D1E568EFB000138D8 /* LaunchScreen.storyboard in Resources */,
				3CD9717A1E568EFA000138D8 /* Assets.xcassets in Resources */,
				3CD971781E568EFA000138D8 /* Main.storyboard in Resources */,
			);
			runOnlyForDeploymentPostprocessing = 0;
		};
/* End PBXResourcesBuildPhase section */

/* Begin PBXSourcesBuildPhase section */
		3CD9716B1E568EF9000138D8 /* Sources */ = {
			isa = PBXSourcesBuildPhase;
			buildActionMask = 2147483647;
			files = (
				3CFB9D7F1E5A58F500BA2EC6 /* CoreDataStack.swift in Sources */,
				3C501E171E5AA289000E2148 /* Reservations+CoreDataClass.swift in Sources */,
				3CFB9D501E5945AC00BA2EC6 /* AvailableTimesCollectionViewCell.swift in Sources */,
				3CFB9D8A1E5A5CB000BA2EC6 /* Reservation.xcdatamodeld in Sources */,
				3CD971751E568EFA000138D8 /* MyReservationsViewController.swift in Sources */,
				3CD971731E568EFA000138D8 /* AppDelegate.swift in Sources */,
				3CFB9D451E57D09700BA2EC6 /* CustomView.swift in Sources */,
				3C501E121E5A87C8000E2148 /* MyReservationsTableViewCell.swift in Sources */,
				3CFB9D491E58CC4100BA2EC6 /* CalenderDatesCollectionViewCell.swift in Sources */,
				3CFB9D4C1E58E01100BA2EC6 /* CalenderDates.swift in Sources */,
				3CFB9D5C1E5A33BD00BA2EC6 /* PromoContentViewController.swift in Sources */,
				3CFB9D581E5A0FB700BA2EC6 /* Utility.swift in Sources */,
				3CFB9D401E57C4F500BA2EC6 /* ScheduleViewController.swift in Sources */,
				3CFB9D5A1E5A339C00BA2EC6 /* SpaServiceViewController.swift in Sources */,
				3C501E181E5AA289000E2148 /* Reservations+CoreDataProperties.swift in Sources */,
			);
			runOnlyForDeploymentPostprocessing = 0;
		};
/* End PBXSourcesBuildPhase section */

/* Begin PBXVariantGroup section */
		3CD971761E568EFA000138D8 /* Main.storyboard */ = {
			isa = PBXVariantGroup;
			children = (
				3CD971771E568EFA000138D8 /* Base */,
			);
			name = Main.storyboard;
			sourceTree = "<group>";
		};
		3CD9717B1E568EFB000138D8 /* LaunchScreen.storyboard */ = {
			isa = PBXVariantGroup;
			children = (
				3CD9717C1E568EFB000138D8 /* Base */,
			);
			name = LaunchScreen.storyboard;
			sourceTree = "<group>";
		};
/* End PBXVariantGroup section */

/* Begin XCBuildConfiguration section */
		3CD9717F1E568EFB000138D8 /* Debug */ = {
			isa = XCBuildConfiguration;
			buildSettings = {
				ALWAYS_SEARCH_USER_PATHS = NO;
				CLANG_ANALYZER_NONNULL = YES;
				CLANG_CXX_LANGUAGE_STANDARD = "gnu++0x";
				CLANG_CXX_LIBRARY = "libc++";
				CLANG_ENABLE_MODULES = YES;
				CLANG_ENABLE_OBJC_ARC = YES;
				CLANG_WARN_BOOL_CONVERSION = YES;
				CLANG_WARN_CONSTANT_CONVERSION = YES;
				CLANG_WARN_DIRECT_OBJC_ISA_USAGE = YES_ERROR;
				CLANG_WARN_DOCUMENTATION_COMMENTS = YES;
				CLANG_WARN_EMPTY_BODY = YES;
				CLANG_WARN_ENUM_CONVERSION = YES;
				CLANG_WARN_INFINITE_RECURSION = YES;
				CLANG_WARN_INT_CONVERSION = YES;
				CLANG_WARN_OBJC_ROOT_CLASS = YES_ERROR;
				CLANG_WARN_SUSPICIOUS_MOVE = YES;
				CLANG_WARN_UNREACHABLE_CODE = YES;
				CLANG_WARN__DUPLICATE_METHOD_MATCH = YES;
				"CODE_SIGN_IDENTITY[sdk=iphoneos*]" = "iPhone Developer";
				COPY_PHASE_STRIP = NO;
				DEBUG_INFORMATION_FORMAT = dwarf;
				ENABLE_STRICT_OBJC_MSGSEND = YES;
				ENABLE_TESTABILITY = YES;
				GCC_C_LANGUAGE_STANDARD = gnu99;
				GCC_DYNAMIC_NO_PIC = NO;
				GCC_NO_COMMON_BLOCKS = YES;
				GCC_OPTIMIZATION_LEVEL = 0;
				GCC_PREPROCESSOR_DEFINITIONS = (
					"DEBUG=1",
					"$(inherited)",
				);
				GCC_WARN_64_TO_32_BIT_CONVERSION = YES;
				GCC_WARN_ABOUT_RETURN_TYPE = YES_ERROR;
				GCC_WARN_UNDECLARED_SELECTOR = YES;
				GCC_WARN_UNINITIALIZED_AUTOS = YES_AGGRESSIVE;
				GCC_WARN_UNUSED_FUNCTION = YES;
				GCC_WARN_UNUSED_VARIABLE = YES;
				IPHONEOS_DEPLOYMENT_TARGET = 9.0;
				MTL_ENABLE_DEBUG_INFO = YES;
				ONLY_ACTIVE_ARCH = YES;
				SDKROOT = iphoneos;
				SWIFT_ACTIVE_COMPILATION_CONDITIONS = DEBUG;
				SWIFT_OPTIMIZATION_LEVEL = "-Onone";
			};
			name = Debug;
		};
		3CD971801E568EFB000138D8 /* Release */ = {
			isa = XCBuildConfiguration;
			buildSettings = {
				ALWAYS_SEARCH_USER_PATHS = NO;
				CLANG_ANALYZER_NONNULL = YES;
				CLANG_CXX_LANGUAGE_STANDARD = "gnu++0x";
				CLANG_CXX_LIBRARY = "libc++";
				CLANG_ENABLE_MODULES = YES;
				CLANG_ENABLE_OBJC_ARC = YES;
				CLANG_WARN_BOOL_CONVERSION = YES;
				CLANG_WARN_CONSTANT_CONVERSION = YES;
				CLANG_WARN_DIRECT_OBJC_ISA_USAGE = YES_ERROR;
				CLANG_WARN_DOCUMENTATION_COMMENTS = YES;
				CLANG_WARN_EMPTY_BODY = YES;
				CLANG_WARN_ENUM_CONVERSION = YES;
				CLANG_WARN_INFINITE_RECURSION = YES;
				CLANG_WARN_INT_CONVERSION = YES;
				CLANG_WARN_OBJC_ROOT_CLASS = YES_ERROR;
				CLANG_WARN_SUSPICIOUS_MOVE = YES;
				CLANG_WARN_UNREACHABLE_CODE = YES;
				CLANG_WARN__DUPLICATE_METHOD_MATCH = YES;
				"CODE_SIGN_IDENTITY[sdk=iphoneos*]" = "iPhone Developer";
				COPY_PHASE_STRIP = NO;
				DEBUG_INFORMATION_FORMAT = "dwarf-with-dsym";
				ENABLE_NS_ASSERTIONS = NO;
				ENABLE_STRICT_OBJC_MSGSEND = YES;
				GCC_C_LANGUAGE_STANDARD = gnu99;
				GCC_NO_COMMON_BLOCKS = YES;
				GCC_WARN_64_TO_32_BIT_CONVERSION = YES;
				GCC_WARN_ABOUT_RETURN_TYPE = YES_ERROR;
				GCC_WARN_UNDECLARED_SELECTOR = YES;
				GCC_WARN_UNINITIALIZED_AUTOS = YES_AGGRESSIVE;
				GCC_WARN_UNUSED_FUNCTION = YES;
				GCC_WARN_UNUSED_VARIABLE = YES;
				IPHONEOS_DEPLOYMENT_TARGET = 9.0;
				MTL_ENABLE_DEBUG_INFO = NO;
				SDKROOT = iphoneos;
				SWIFT_OPTIMIZATION_LEVEL = "-Owholemodule";
				VALIDATE_PRODUCT = YES;
			};
			name = Release;
		};
		3CD971821E568EFB000138D8 /* Debug */ = {
			isa = XCBuildConfiguration;
			buildSettings = {
				ASSETCATALOG_COMPILER_APPICON_NAME = AppIcon;
				INFOPLIST_FILE = Reservation/Info.plist;
				LD_RUNPATH_SEARCH_PATHS = "$(inherited) @executable_path/Frameworks";
				PRODUCT_BUNDLE_IDENTIFIER = com.example.Reservation;
				PRODUCT_NAME = "$(TARGET_NAME)";
				SWIFT_VERSION = 3.0;
			};
			name = Debug;
		};
		3CD971831E568EFB000138D8 /* Release */ = {
			isa = XCBuildConfiguration;
			buildSettings = {
				ASSETCATALOG_COMPILER_APPICON_NAME = AppIcon;
				INFOPLIST_FILE = Reservation/Info.plist;
				LD_RUNPATH_SEARCH_PATHS = "$(inherited) @executable_path/Frameworks";
				PRODUCT_BUNDLE_IDENTIFIER = com.example.Reservation;
				PRODUCT_NAME = "$(TARGET_NAME)";
				SWIFT_VERSION = 3.0;
			};
			name = Release;
		};
/* End XCBuildConfiguration section */

/* Begin XCConfigurationList section */
		3CD9716A1E568EF9000138D8 /* Build configuration list for PBXProject "Reservation" */ = {
			isa = XCConfigurationList;
			buildConfigurations = (
				3CD9717F1E568EFB000138D8 /* Debug */,
				3CD971801E568EFB000138D8 /* Release */,
			);
			defaultConfigurationIsVisible = 0;
			defaultConfigurationName = Release;
		};
		3CD971811E568EFB000138D8 /* Build configuration list for PBXNativeTarget "Reservation" */ = {
			isa = XCConfigurationList;
			buildConfigurations = (
				3CD971821E568EFB000138D8 /* Debug */,
				3CD971831E568EFB000138D8 /* Release */,
			);
			defaultConfigurationIsVisible = 0;
			defaultConfigurationName = Release;
		};
/* End XCConfigurationList section */

/* Begin XCVersionGroup section */
		3CFB9D881E5A5CB000BA2EC6 /* Reservation.xcdatamodeld */ = {
			isa = XCVersionGroup;
			children = (
				3CFB9D891E5A5CB000BA2EC6 /* Reservation.xcdatamodel */,
			);
			currentVersion = 3CFB9D891E5A5CB000BA2EC6 /* Reservation.xcdatamodel */;
			path = Reservation.xcdatamodeld;
			sourceTree = "<group>";
			versionGroupType = wrapper.xcdatamodel;
		};
/* End XCVersionGroup section */
	};
	rootObject = 3CD971671E568EF9000138D8 /* Project object */;
}
